
Microsoft Visual Studio Solution File, Format Version 12.00
# Visual Studio Version 16
VisualStudioVersion = 16.0.29306.81
MinimumVisualStudioVersion = 10.0.40219.1
Project("{9A19103F-16F7-4668-BE54-9A1E7A4F7556}") = "SafeEventRide", "SafeEventRide.csproj", "{BE9A208B-39E5-4EA0-9B32-DE59FBC7F4F7}"
EndProject
Global
	GlobalSection(SolutionConfigurationPlatforms) = preSolution
		Debug|Any CPU = Debug|Any CPU
		Release|Any CPU = Release|Any CPU
	EndGlobalSection
	GlobalSection(ProjectConfigurationPlatforms) = postSolution
		{BE9A208B-39E5-4EA0-9B32-DE59FBC7F4F7}.Debug|Any CPU.ActiveCfg = Debug|Any CPU
		{BE9A208B-39E5-4EA0-9B32-DE59FBC7F4F7}.Debug|Any CPU.Build.0 = Debug|Any CPU
		{BE9A208B-39E5-4EA0-9B32-DE59FBC7F4F7}.Release|Any CPU.ActiveCfg = Release|Any CPU
		{BE9A208B-39E5-4EA0-9B32-DE59FBC7F4F7}.Release|Any CPU.Build.0 = Release|Any CPU
	EndGlobalSection
	GlobalSection(SolutionProperties) = preSolution
		HideSolutionNode = FALSE
	EndGlobalSection
	GlobalSection(ExtensibilityGlobals) = postSolution
		SolutionGuid = {C52BB1E5-BBA0-4657-A9FF-2C6212FBCAEE}
	EndGlobalSection
EndGlobal
